
Microsoft Visual Studio Solution File, Format Version 12.00
# Visual Studio 15
VisualStudioVersion = 15.0.28307.645
MinimumVisualStudioVersion = 10.0.40219.1
Project("{2150E333-8FDC-42A3-9474-1A3956D46DE8}") = "1 - Api", "1 - Api", "{AF7B2980-33E7-42F3-937D-96E53F40CFA7}"
EndProject
Project("{FAE04EC0-301F-11D3-BF4B-00C04F79EFBC}") = "AngelHack.Api", "..\AngelHack.Api\AngelHack.Api.csproj", "{30581E6F-F68C-4D54-A41C-C27A70F025D1}"
EndProject
Project("{2150E333-8FDC-42A3-9474-1A3956D46DE8}") = "2 - Domain", "2 - Domain", "{AD0DFB34-918A-4F0E-983D-CFFD6950DBBA}"
EndProject
Project("{FAE04EC0-301F-11D3-BF4B-00C04F79EFBC}") = "AngelHack.Domain", "AngelHack.Domain\AngelHack.Domain.csproj", "{7CDAC141-71B9-49D8-9A9E-B6540B5F4768}"
EndProject
Project("{2150E333-8FDC-42A3-9474-1A3956D46DE8}") = "3 - Infra", "3 - Infra", "{EED102F3-E501-416B-8B4F-DD8E597BD3C8}"
EndProject
Project("{2150E333-8FDC-42A3-9474-1A3956D46DE8}") = "3.1 - IoC", "3.1 - IoC", "{4873ECDD-73E5-44E1-94DA-1D787A078978}"
EndProject
Project("{2150E333-8FDC-42A3-9474-1A3956D46DE8}") = "3.2 - Repository", "3.2 - Repository", "{28914564-C82A-44F1-AB0C-94BE3472F29D}"
EndProject
Project("{2150E333-8FDC-42A3-9474-1A3956D46DE8}") = "3.3 - DbMock", "3.3 - DbMock", "{3DA59624-61E2-4EF5-8253-EB3907DA72A7}"
EndProject
Project("{FAE04EC0-301F-11D3-BF4B-00C04F79EFBC}") = "AngelHack.DbMock", "AngelHack.DbMock\AngelHack.DbMock.csproj", "{6789D6B4-29F9-4728-A963-F8239B0037A1}"
EndProject
Project("{FAE04EC0-301F-11D3-BF4B-00C04F79EFBC}") = "AngelHack.Repository", "AngelHack.Repository\AngelHack.Repository.csproj", "{3F9B8805-ABED-4C8B-9274-9E7F5803C8F9}"
EndProject
Global
	GlobalSection(SolutionConfigurationPlatforms) = preSolution
		Debug|Any CPU = Debug|Any CPU
		Release|Any CPU = Release|Any CPU
	EndGlobalSection
	GlobalSection(ProjectConfigurationPlatforms) = postSolution
		{30581E6F-F68C-4D54-A41C-C27A70F025D1}.Debug|Any CPU.ActiveCfg = Debug|Any CPU
		{30581E6F-F68C-4D54-A41C-C27A70F025D1}.Debug|Any CPU.Build.0 = Debug|Any CPU
		{30581E6F-F68C-4D54-A41C-C27A70F025D1}.Release|Any CPU.ActiveCfg = Release|Any CPU
		{30581E6F-F68C-4D54-A41C-C27A70F025D1}.Release|Any CPU.Build.0 = Release|Any CPU
		{7CDAC141-71B9-49D8-9A9E-B6540B5F4768}.Debug|Any CPU.ActiveCfg = Debug|Any CPU
		{7CDAC141-71B9-49D8-9A9E-B6540B5F4768}.Debug|Any CPU.Build.0 = Debug|Any CPU
		{7CDAC141-71B9-49D8-9A9E-B6540B5F4768}.Release|Any CPU.ActiveCfg = Release|Any CPU
		{7CDAC141-71B9-49D8-9A9E-B6540B5F4768}.Release|Any CPU.Build.0 = Release|Any CPU
		{6789D6B4-29F9-4728-A963-F8239B0037A1}.Debug|Any CPU.ActiveCfg = Debug|Any CPU
		{6789D6B4-29F9-4728-A963-F8239B0037A1}.Debug|Any CPU.Build.0 = Debug|Any CPU
		{6789D6B4-29F9-4728-A963-F8239B0037A1}.Release|Any CPU.ActiveCfg = Release|Any CPU
		{6789D6B4-29F9-4728-A963-F8239B0037A1}.Release|Any CPU.Build.0 = Release|Any CPU
		{3F9B8805-ABED-4C8B-9274-9E7F5803C8F9}.Debug|Any CPU.ActiveCfg = Debug|Any CPU
		{3F9B8805-ABED-4C8B-9274-9E7F5803C8F9}.Debug|Any CPU.Build.0 = Debug|Any CPU
		{3F9B8805-ABED-4C8B-9274-9E7F5803C8F9}.Release|Any CPU.ActiveCfg = Release|Any CPU
		{3F9B8805-ABED-4C8B-9274-9E7F5803C8F9}.Release|Any CPU.Build.0 = Release|Any CPU
	EndGlobalSection
	GlobalSection(SolutionProperties) = preSolution
		HideSolutionNode = FALSE
	EndGlobalSection
	GlobalSection(NestedProjects) = preSolution
		{30581E6F-F68C-4D54-A41C-C27A70F025D1} = {AF7B2980-33E7-42F3-937D-96E53F40CFA7}
		{7CDAC141-71B9-49D8-9A9E-B6540B5F4768} = {AD0DFB34-918A-4F0E-983D-CFFD6950DBBA}
		{4873ECDD-73E5-44E1-94DA-1D787A078978} = {EED102F3-E501-416B-8B4F-DD8E597BD3C8}
		{28914564-C82A-44F1-AB0C-94BE3472F29D} = {EED102F3-E501-416B-8B4F-DD8E597BD3C8}
		{3DA59624-61E2-4EF5-8253-EB3907DA72A7} = {EED102F3-E501-416B-8B4F-DD8E597BD3C8}
		{6789D6B4-29F9-4728-A963-F8239B0037A1} = {3DA59624-61E2-4EF5-8253-EB3907DA72A7}
		{3F9B8805-ABED-4C8B-9274-9E7F5803C8F9} = {28914564-C82A-44F1-AB0C-94BE3472F29D}
	EndGlobalSection
	GlobalSection(ExtensibilityGlobals) = postSolution
		SolutionGuid = {2E2722AE-05CE-47AE-A873-A92EF5B84C70}
	EndGlobalSection
EndGlobal
